{
  "name": "react-native-scaling-drawer",
  "version": "1.0.2",
  "lockfileVersion": 1,
  "requires": true,
  "dependencies": {
    "clamp": {
      "version": "1.0.1",
      "resolved": "https://registry.npmjs.org/clamp/-/clamp-1.0.1.tgz",
      "integrity": "sha512-kgMuFyE78OC6Dyu3Dy7vcx4uy97EIbVxJB/B0eJ3bUNAkwdNcxYzgKltnyADiYwsR7SEqkkUPsEUT//OVS6XMA=="
    },
    "hoist-non-react-statics": {
      "version": "2.5.5",
      "resolved": "https://registry.npmjs.org/hoist-non-react-statics/-/hoist-non-react-statics-2.5.5.tgz",
      "integrity": "sha512-rqcy4pJo55FTTLWt+bU8ukscqHeE/e9KWvsOW2b/a3afxQZhwkQdT1rPPCJ0rYXdj4vNcasY8zHTH+jF/qStxw=="
    },
    "isarray": {
      "version": "0.0.1",
      "resolved": "https://registry.npmjs.org/isarray/-/isarray-0.0.1.tgz",
      "integrity": "sha512-D2S+3GLxWH+uhrNEcoh/fnmYeP8E8/zHl644d/jdA0g2uyXvy3sb0qxotE+ne0LtccHknQzWwZEzhak7oJ0COQ=="
    },
    "js-tokens": {
      "version": "4.0.0",
      "resolved": "https://registry.npmjs.org/js-tokens/-/js-tokens-4.0.0.tgz",
      "integrity": "sha512-RdJUflcE3cUzKiMqQgsCu06FPu9UdIJO0beYbPhHN4k6apgJtifcoCtT9bcxOpYBtpD2kCM6Sbzg4CausW/PKQ=="
    },
    "loose-envify": {
      "version": "1.4.0",
      "resolved": "https://registry.npmjs.org/loose-envify/-/loose-envify-1.4.0.tgz",
      "integrity": "sha512-lyuxPGr/Wfhrlem2CL/UcnUc1zcqKAImBDzukY7Y5F/yQiNdko6+fRLevlw1HgMySw7f611UIY408EtxRSoK3Q==",
      "requires": {
        "js-tokens": "^3.0.0 || ^4.0.0"
      }
    },
    "object-assign": {
      "version": "4.1.1",
      "resolved": "https://registry.npmjs.org/object-assign/-/object-assign-4.1.1.tgz",
      "integrity": "sha512-rJgTQnkUnH1sFw8yT6VSU3zD3sWmu6sZhIseY8VX+GRu3P6F7Fu+JNDoXfklElbLJSnc3FUQHVe4cU5hj+BcUg=="
    },
    "path-to-regexp": {
      "version": "1.8.0",
      "resolved": "https://registry.npmjs.org/path-to-regexp/-/path-to-regexp-1.8.0.tgz",
      "integrity": "sha512-n43JRhlUKUAlibEJhPeir1ncUID16QnEjNpwzNdO3Lm4ywrBpBZ5oLD0I6br9evr1Y9JTqwRtAh7JLoOzAQdVA==",
      "requires": {
        "isarray": "0.0.1"
      }
    },
    "prop-types": {
      "version": "15.8.1",
      "resolved": "https://registry.npmjs.org/prop-types/-/prop-types-15.8.1.tgz",
      "integrity": "sha512-oj87CgZICdulUohogVAR7AjlC0327U4el4L6eAvOqCeudMDVU0NThNaV+b9Df4dXgSP1gXMTnPdhfe/2qDH5cg==",
      "requires": {
        "loose-envify": "^1.4.0",
        "object-assign": "^4.1.1",
        "react-is": "^16.13.1"
      }
    },
    "react-is": {
      "version": "16.13.1",
      "resolved": "https://registry.npmjs.org/react-is/-/react-is-16.13.1.tgz",
      "integrity": "sha512-24e6ynE2H+OKt4kqsOvNd8kBpV65zoxbA4BVsEOB3ARVWQki/DHzaUoC5KuON/BiccDaCCTZBuOcfZs70kR8bQ=="
    },
    "react-lifecycles-compat": {
      "version": "3.0.4",
      "resolved": "https://registry.npmjs.org/react-lifecycles-compat/-/react-lifecycles-compat-3.0.4.tgz",
      "integrity": "sha512-fBASbA6LnOU9dOU2eW7aQ8xmYBSXUIWr+UmF9b1efZBazGNO+rcXT/icdKnYm2pTwcRylVUYwW7H1PHfLekVzA=="
    },
    "react-native-dismiss-keyboard": {
      "version": "1.0.0",
      "resolved": "https://registry.npmjs.org/react-native-dismiss-keyboard/-/react-native-dismiss-keyboard-1.0.0.tgz",
      "integrity": "sha512-g3v9TSrObvdcO6O5Qg1MlgbTpLMZOOE6Ex4ZOWhm4NcT47ihwI9ci8Tgy+O3hKo2NpAmVHSWVCwPgvnloVj92w=="
    },
    "react-native-drawer-layout": {
      "version": "1.3.2",
      "resolved": "https://registry.npmjs.org/react-native-drawer-layout/-/react-native-drawer-layout-1.3.2.tgz",
      "integrity": "sha512-fjO0scqbJUfNu2wuEpvywL7DYLXuCXJ2W/zYhWz986rdLytidbys1QGVvkaszHrb4Y7OqO96mTkgpOcP8KWevw==",
      "requires": {
        "react-native-dismiss-keyboard": "1.0.0"
      }
    },
    "react-native-drawer-layout-polyfill": {
      "version": "1.3.2",
      "resolved": "https://registry.npmjs.org/react-native-drawer-layout-polyfill/-/react-native-drawer-layout-polyfill-1.3.2.tgz",
      "integrity": "sha512-XzPhfLDJrYHru+e8+dFwhf0FtTeAp7JXPpFYezYV6P1nTeA1Tia/kDpFT+O2DWTrBKBEI8FGhZnThrroZmHIxg==",
      "requires": {
        "react-native-drawer-layout": "1.3.2"
      }
    },
    "react-native-safe-area-view": {
      "version": "0.11.0",
      "resolved": "https://registry.npmjs.org/react-native-safe-area-view/-/react-native-safe-area-view-0.11.0.tgz",
      "integrity": "sha512-N3nElaahu1Me2ltnfc9acpgt1znm6pi8DSadKy79kvdzKwvVIzw0IXueA/Hjr51eCW1BsfNw7D1SgBT9U6qEkA==",
      "requires": {
        "hoist-non-react-statics": "^2.3.1"
      }
    },
    "react-native-tab-view": {
      "version": "github:react-navigation/react-native-tab-view#d87a5cb3ddbcb9e5ea1651450f6c12a7f41355df",
      "from": "github:react-navigation/react-native-tab-view",
      "requires": {
        "prop-types": "^15.6.0"
      }
    },
    "react-navigation": {
      "version": "1.6.1",
      "resolved": "https://registry.npmjs.org/react-navigation/-/react-navigation-1.6.1.tgz",
      "integrity": "sha512-18qvuGEMorsYAtedvcDvrWi6eqdTOC7T2u1mSLddWCXKIwGsC44d4PfAzKtnd6JtMpvbCd+livTGyylfRHT2fA==",
      "requires": {
        "clamp": "^1.0.1",
        "hoist-non-react-statics": "^2.2.0",
        "path-to-regexp": "^1.7.0",
        "prop-types": "^15.5.10",
        "react-lifecycles-compat": "^3.0.2",
        "react-native-drawer-layout-polyfill": "^1.3.2",
        "react-native-safe-area-view": "0.11.0",
        "react-native-tab-view": "github:react-navigation/react-native-tab-view"
      }
    }
  }
}
